<?xml version="1.0" encoding="utf-8"?>
<Project ToolsVersion="4.0" xmlns="http://schemas.microsoft.com/developer/msbuild/2003">
  <ItemGroup>
    <Filter Include="Platform">
      <UniqueIdentifier>{2AC788B4-1694-E3BF-3FAD-D1672BD9184E}</UniqueIdentifier>
    </Filter>
    <Filter Include="Platform\Windows">
      <UniqueIdentifier>{64FBD71A-50F4-F66C-7926-DCF1657ED678}</UniqueIdentifier>
    </Filter>
    <Filter Include="Sheff">
      <UniqueIdentifier>{91B4170E-FDC8-3FBF-C64A-E31E321E3CF0}</UniqueIdentifier>
    </Filter>
    <Filter Include="Sheff\Events">
      <UniqueIdentifier>{5573A454-41D6-33F9-EA5B-6CAFD69DFF7B}</UniqueIdentifier>
    </Filter>
  </ItemGroup>
  <ItemGroup>
    <ClInclude Include="src\Platform\Windows\WindowsWindow.h">
      <Filter>Platform\Windows</Filter>
    </ClInclude>
    <ClInclude Include="src\Sheff.h" />
    <ClInclude Include="src\Sheff\Application.h">
      <Filter>Sheff</Filter>
    </ClInclude>
    <ClInclude Include="src\Sheff\Core.h">
      <Filter>Sheff</Filter>
    </ClInclude>
    <ClInclude Include="src\Sheff\EntryPoint.h">
      <Filter>Sheff</Filter>
    </ClInclude>
    <ClInclude Include="src\Sheff\Events\ApplicationEvent.h">
      <Filter>Sheff\Events</Filter>
    </ClInclude>
    <ClInclude Include="src\Sheff\Events\Event.h">
      <Filter>Sheff\Events</Filter>
    </ClInclude>
    <ClInclude Include="src\Sheff\Events\KeyEvent.h">
      <Filter>Sheff\Events</Filter>
    </ClInclude>
    <ClInclude Include="src\Sheff\Events\MouseEvent.h">
      <Filter>Sheff\Events</Filter>
    </ClInclude>
    <ClInclude Include="src\Sheff\Layer.h">
      <Filter>Sheff</Filter>
    </ClInclude>
    <ClInclude Include="src\Sheff\LayerStack.h">
      <Filter>Sheff</Filter>
    </ClInclude>
    <ClInclude Include="src\Sheff\Log.h">
      <Filter>Sheff</Filter>
    </ClInclude>
    <ClInclude Include="src\Sheff\Window.h">
      <Filter>Sheff</Filter>
    </ClInclude>
    <ClInclude Include="src\shpch.h" />
  </ItemGroup>
  <ItemGroup>
    <ClCompile Include="src\Platform\Windows\WindowsWindow.cpp">
      <Filter>Platform\Windows</Filter>
    </ClCompile>
    <ClCompile Include="src\Sheff\Application.cpp">
      <Filter>Sheff</Filter>
    </ClCompile>
    <ClCompile Include="src\Sheff\Layer.cpp">
      <Filter>Sheff</Filter>
    </ClCompile>
    <ClCompile Include="src\Sheff\LayerStack.cpp">
      <Filter>Sheff</Filter>
    </ClCompile>
    <ClCompile Include="src\Sheff\Log.cpp">
      <Filter>Sheff</Filter>
    </ClCompile>
    <ClCompile Include="src\shpch.cpp" />
  </ItemGroup>
</Project>