<?xml version="1.0" encoding="utf-8"?>
<Project ToolsVersion="4.0" xmlns="http://schemas.microsoft.com/developer/msbuild/2003">
  <ItemGroup>
    <Filter Include="Sheff">
      <UniqueIdentifier>{91B4170E-FDC8-3FBF-C64A-E31E321E3CF0}</UniqueIdentifier>
    </Filter>
    <Filter Include="Sheff\Events">
      <UniqueIdentifier>{5573A454-41D6-33F9-EA5B-6CAFD69DFF7B}</UniqueIdentifier>
    </Filter>
  </ItemGroup>
  <ItemGroup>
    <ClInclude Include="src\Sheff.h" />
    <ClInclude Include="src\Sheff\Application.h">
      <Filter>Sheff</Filter>
    </ClInclude>
    <ClInclude Include="src\Sheff\Core.h">
      <Filter>Sheff</Filter>
    </ClInclude>
    <ClInclude Include="src\Sheff\EntryPoint.h">
      <Filter>Sheff</Filter>
    </ClInclude>
    <ClInclude Include="src\Sheff\Events\ApplicationEvent.h">
      <Filter>Sheff\Events</Filter>
    </ClInclude>
    <ClInclude Include="src\Sheff\Events\Event.h">
      <Filter>Sheff\Events</Filter>
    </ClInclude>
    <ClInclude Include="src\Sheff\Events\KeyEvent.h">
      <Filter>Sheff\Events</Filter>
    </ClInclude>
    <ClInclude Include="src\Sheff\Events\MouseEvent.h">
      <Filter>Sheff\Events</Filter>
    </ClInclude>
    <ClInclude Include="src\Sheff\Log.h">
      <Filter>Sheff</Filter>
    </ClInclude>
  </ItemGroup>
  <ItemGroup>
    <ClCompile Include="src\Sheff\Application.cpp">
      <Filter>Sheff</Filter>
    </ClCompile>
    <ClCompile Include="src\Sheff\Log.cpp">
      <Filter>Sheff</Filter>
    </ClCompile>
  </ItemGroup>
</Project>